
Microsoft Visual Studio Solution File, Format Version 12.00
# Visual Studio Version 17
VisualStudioVersion = 17.5.2.0
MinimumVisualStudioVersion = 10.0.40219.1
Project("{FAE04EC0-301F-11D3-BF4B-00C04F79EFBC}") = "Archive.API", "Archive.API\Archive.API.csproj", "{A1B2C3D4-0001-0000-0000-000000000001}"
EndProject
Project("{FAE04EC0-301F-11D3-BF4B-00C04F79EFBC}") = "Archive.Fashion", "Archive.Fashion\Archive.Fashion.csproj", "{A1B2C3D4-0002-0000-0000-000000000002}"
EndProject
Project("{FAE04EC0-301F-11D3-BF4B-00C04F79EFBC}") = "Archive.Books", "Archive.Books\Archive.Books.csproj", "{ACBD5520-45BC-4C69-876C-6B66A469F71C}"
EndProject
Project("{FAE04EC0-301F-11D3-BF4B-00C04F79EFBC}") = "Archive.Games", "Archive.Games\Archive.Games.csproj", "{A6C22845-AC77-4869-BD54-D6C535C0C457}"
EndProject
Global
	GlobalSection(SolutionConfigurationPlatforms) = preSolution
		Debug|Any CPU = Debug|Any CPU
		Release|Any CPU = Release|Any CPU
	EndGlobalSection
	GlobalSection(ProjectConfigurationPlatforms) = postSolution
		{A1B2C3D4-0001-0000-0000-000000000001}.Debug|Any CPU.ActiveCfg = Debug|Any CPU
		{A1B2C3D4-0001-0000-0000-000000000001}.Debug|Any CPU.Build.0 = Debug|Any CPU
		{A1B2C3D4-0001-0000-0000-000000000001}.Release|Any CPU.ActiveCfg = Release|Any CPU
		{A1B2C3D4-0001-0000-0000-000000000001}.Release|Any CPU.Build.0 = Release|Any CPU
		{A1B2C3D4-0002-0000-0000-000000000002}.Debug|Any CPU.ActiveCfg = Debug|Any CPU
		{A1B2C3D4-0002-0000-0000-000000000002}.Debug|Any CPU.Build.0 = Debug|Any CPU
		{A1B2C3D4-0002-0000-0000-000000000002}.Release|Any CPU.ActiveCfg = Release|Any CPU
		{A1B2C3D4-0002-0000-0000-000000000002}.Release|Any CPU.Build.0 = Release|Any CPU
		{ACBD5520-45BC-4C69-876C-6B66A469F71C}.Debug|Any CPU.ActiveCfg = Debug|Any CPU
		{ACBD5520-45BC-4C69-876C-6B66A469F71C}.Debug|Any CPU.Build.0 = Debug|Any CPU
		{ACBD5520-45BC-4C69-876C-6B66A469F71C}.Release|Any CPU.ActiveCfg = Release|Any CPU
		{ACBD5520-45BC-4C69-876C-6B66A469F71C}.Release|Any CPU.Build.0 = Release|Any CPU
		{A6C22845-AC77-4869-BD54-D6C535C0C457}.Debug|Any CPU.ActiveCfg = Debug|Any CPU
		{A6C22845-AC77-4869-BD54-D6C535C0C457}.Debug|Any CPU.Build.0 = Debug|Any CPU
		{A6C22845-AC77-4869-BD54-D6C535C0C457}.Release|Any CPU.ActiveCfg = Release|Any CPU
		{A6C22845-AC77-4869-BD54-D6C535C0C457}.Release|Any CPU.Build.0 = Release|Any CPU
	EndGlobalSection
	GlobalSection(SolutionProperties) = preSolution
		HideSolutionNode = FALSE
	EndGlobalSection
	GlobalSection(ExtensibilityGlobals) = postSolution
		SolutionGuid = {C9316E90-44ED-4F66-8222-C241B4798B96}
	EndGlobalSection
EndGlobal
